
Microsoft Visual Studio Solution File, Format Version 12.00
# Visual Studio Version 16
VisualStudioVersion = 16.0.30717.126
MinimumVisualStudioVersion = 10.0.40219.1
Project("{9A19103F-16F7-4668-BE54-9A1E7A4F7556}") = "UsandoBooleanos", "UsandoBooleanos\UsandoBooleanos.csproj", "{94FCB3BE-10D6-4726-B5AB-A8E901FECA89}"
EndProject
Project("{9A19103F-16F7-4668-BE54-9A1E7A4F7556}") = "BoleanosECONDICIONAIS", "BoleanosECONDICIONAIS\BoleanosECONDICIONAIS.csproj", "{927ADE0A-8C1C-4B7F-A8BE-AC85CF19A0E5}"
EndProject
Project("{FAE04EC0-301F-11D3-BF4B-00C04F79EFBC}") = "IndustriasDaGeraldo", "IndustriasDaGeraldo\IndustriasDaGeraldo.csproj", "{FBD69A61-A5E1-43B9-9FA6-ACC03B15A80D}"
EndProject
Global
	GlobalSection(SolutionConfigurationPlatforms) = preSolution
		Debug|Any CPU = Debug|Any CPU
		Release|Any CPU = Release|Any CPU
	EndGlobalSection
	GlobalSection(ProjectConfigurationPlatforms) = postSolution
		{94FCB3BE-10D6-4726-B5AB-A8E901FECA89}.Debug|Any CPU.ActiveCfg = Debug|Any CPU
		{94FCB3BE-10D6-4726-B5AB-A8E901FECA89}.Debug|Any CPU.Build.0 = Debug|Any CPU
		{94FCB3BE-10D6-4726-B5AB-A8E901FECA89}.Release|Any CPU.ActiveCfg = Release|Any CPU
		{94FCB3BE-10D6-4726-B5AB-A8E901FECA89}.Release|Any CPU.Build.0 = Release|Any CPU
		{927ADE0A-8C1C-4B7F-A8BE-AC85CF19A0E5}.Debug|Any CPU.ActiveCfg = Debug|Any CPU
		{927ADE0A-8C1C-4B7F-A8BE-AC85CF19A0E5}.Debug|Any CPU.Build.0 = Debug|Any CPU
		{927ADE0A-8C1C-4B7F-A8BE-AC85CF19A0E5}.Release|Any CPU.ActiveCfg = Release|Any CPU
		{927ADE0A-8C1C-4B7F-A8BE-AC85CF19A0E5}.Release|Any CPU.Build.0 = Release|Any CPU
		{FBD69A61-A5E1-43B9-9FA6-ACC03B15A80D}.Debug|Any CPU.ActiveCfg = Debug|Any CPU
		{FBD69A61-A5E1-43B9-9FA6-ACC03B15A80D}.Debug|Any CPU.Build.0 = Debug|Any CPU
		{FBD69A61-A5E1-43B9-9FA6-ACC03B15A80D}.Release|Any CPU.ActiveCfg = Release|Any CPU
		{FBD69A61-A5E1-43B9-9FA6-ACC03B15A80D}.Release|Any CPU.Build.0 = Release|Any CPU
	EndGlobalSection
	GlobalSection(SolutionProperties) = preSolution
		HideSolutionNode = FALSE
	EndGlobalSection
	GlobalSection(ExtensibilityGlobals) = postSolution
		SolutionGuid = {054276E3-4BF6-46F5-A75D-DD4021A639D5}
	EndGlobalSection
EndGlobal
